
Microsoft Visual Studio Solution File, Format Version 12.00
# Visual Studio 15
VisualStudioVersion = 15.0.28307.489
MinimumVisualStudioVersion = 10.0.40219.1
Project("{8BC9CEB8-8B4A-11D0-8D11-00A0C91BC942}") = "PackBlocks", "PackBlocks\PackBlocks.vcxproj", "{2E9983BF-D484-4443-950B-34072840B745}"
EndProject
Global
	GlobalSection(SolutionConfigurationPlatforms) = preSolution
		Debug|x64 = Debug|x64
		Debug|x86 = Debug|x86
		Release|x64 = Release|x64
		Release|x86 = Release|x86
	EndGlobalSection
	GlobalSection(ProjectConfigurationPlatforms) = postSolution
		{2E9983BF-D484-4443-950B-34072840B745}.Debug|x64.ActiveCfg = Debug|x64
		{2E9983BF-D484-4443-950B-34072840B745}.Debug|x64.Build.0 = Debug|x64
		{2E9983BF-D484-4443-950B-34072840B745}.Debug|x86.ActiveCfg = Debug|Win32
		{2E9983BF-D484-4443-950B-34072840B745}.Debug|x86.Build.0 = Debug|Win32
		{2E9983BF-D484-4443-950B-34072840B745}.Release|x64.ActiveCfg = Release|x64
		{2E9983BF-D484-4443-950B-34072840B745}.Release|x64.Build.0 = Release|x64
		{2E9983BF-D484-4443-950B-34072840B745}.Release|x86.ActiveCfg = Release|Win32
		{2E9983BF-D484-4443-950B-34072840B745}.Release|x86.Build.0 = Release|Win32
	EndGlobalSection
	GlobalSection(SolutionProperties) = preSolution
		HideSolutionNode = FALSE
	EndGlobalSection
	GlobalSection(ExtensibilityGlobals) = postSolution
		SolutionGuid = {D912EEB0-7E49-4DD9-9C57-7BAED1948258}
	EndGlobalSection
EndGlobal
